
Microsoft Visual Studio Solution File, Format Version 12.00
# Visual Studio Version 17
VisualStudioVersion = 17.8.34330.188
MinimumVisualStudioVersion = 10.0.40219.1
Project("{FAE04EC0-301F-11D3-BF4B-00C04F79EFBC}") = "Student_base", "Student_base\Student_base.csproj", "{A5C0998B-0331-443D-BE4E-944D4E4DD949}"
EndProject
Global
	GlobalSection(SolutionConfigurationPlatforms) = preSolution
		Debug|Any CPU = Debug|Any CPU
		Release|Any CPU = Release|Any CPU
	EndGlobalSection
	GlobalSection(ProjectConfigurationPlatforms) = postSolution
		{A5C0998B-0331-443D-BE4E-944D4E4DD949}.Debug|Any CPU.ActiveCfg = Debug|Any CPU
		{A5C0998B-0331-443D-BE4E-944D4E4DD949}.Debug|Any CPU.Build.0 = Debug|Any CPU
		{A5C0998B-0331-443D-BE4E-944D4E4DD949}.Release|Any CPU.ActiveCfg = Release|Any CPU
		{A5C0998B-0331-443D-BE4E-944D4E4DD949}.Release|Any CPU.Build.0 = Release|Any CPU
	EndGlobalSection
	GlobalSection(SolutionProperties) = preSolution
		HideSolutionNode = FALSE
	EndGlobalSection
	GlobalSection(ExtensibilityGlobals) = postSolution
		SolutionGuid = {18EA3F21-B938-4E00-9781-811C34EA6599}
	EndGlobalSection
EndGlobal
